{
  "pins" : [
    {
      "identity" : "devrev-sdk-ios",
      "kind" : "remoteSourceControl",
      "location" : "git@github.com:devrev/devrev-sdk-ios.git",
      "state" : {
        "branch" : "main",
        "revision" : "a049ffd188245be48adb2d70ad91d2650226950b"
      }
    }
  ],
  "version" : 2
}
