{
  "originHash" : "90d077c3024f7075968c6e3e1cb52f3261906c6408f5c41f109b7c314b9868bd",
  "pins" : [
    {
      "identity" : "devrev-sdk-ios",
      "kind" : "remoteSourceControl",
      "location" : "git@github.com:devrev/devrev-sdk-ios.git",
      "state" : {
        "branch" : "main",
        "revision" : "379855ed70843c65450262c13215a8fde72450e4"
      }
    },
    {
      "identity" : "lottie-spm",
      "kind" : "remoteSourceControl",
      "location" : "https://github.com/airbnb/lottie-spm",
      "state" : {
        "revision" : "69faaefa7721fba9e434a52c16adf4329c9084db",
        "version" : "4.6.0"
      }
    }
  ],
  "version" : 3
}
